
Microsoft Visual Studio Solution File, Format Version 12.00
# Visual Studio 15
VisualStudioVersion = 15.0.27703.2035
MinimumVisualStudioVersion = 10.0.40219.1
Project("{FAE04EC0-301F-11D3-BF4B-00C04F79EFBC}") = "Husky", "Husky\Husky.csproj", "{BBEB0978-D656-4432-80E9-CF2083F53349}"
EndProject
Project("{FAE04EC0-301F-11D3-BF4B-00C04F79EFBC}") = "PhilLibX", "PhilLibX\PhilLibX.csproj", "{8F5C1BA4-88C1-4177-B91B-DD093DC849B9}"
EndProject
Project("{FAE04EC0-301F-11D3-BF4B-00C04F79EFBC}") = "SELib", "SELib\SELib.csproj", "{E03DA150-718D-4EA9-AFCA-D3E17A7DF3E8}"
EndProject
Global
	GlobalSection(SolutionConfigurationPlatforms) = preSolution
		Debug|Any CPU = Debug|Any CPU
		Release|Any CPU = Release|Any CPU
	EndGlobalSection
	GlobalSection(ProjectConfigurationPlatforms) = postSolution
		{BBEB0978-D656-4432-80E9-CF2083F53349}.Debug|Any CPU.ActiveCfg = Debug|Any CPU
		{BBEB0978-D656-4432-80E9-CF2083F53349}.Debug|Any CPU.Build.0 = Debug|Any CPU
		{BBEB0978-D656-4432-80E9-CF2083F53349}.Release|Any CPU.ActiveCfg = Release|Any CPU
		{BBEB0978-D656-4432-80E9-CF2083F53349}.Release|Any CPU.Build.0 = Release|Any CPU
		{8F5C1BA4-88C1-4177-B91B-DD093DC849B9}.Debug|Any CPU.ActiveCfg = Debug|Any CPU
		{8F5C1BA4-88C1-4177-B91B-DD093DC849B9}.Debug|Any CPU.Build.0 = Debug|Any CPU
		{8F5C1BA4-88C1-4177-B91B-DD093DC849B9}.Release|Any CPU.ActiveCfg = Release|Any CPU
		{8F5C1BA4-88C1-4177-B91B-DD093DC849B9}.Release|Any CPU.Build.0 = Release|Any CPU
		{E03DA150-718D-4EA9-AFCA-D3E17A7DF3E8}.Debug|Any CPU.ActiveCfg = Debug|Any CPU
		{E03DA150-718D-4EA9-AFCA-D3E17A7DF3E8}.Debug|Any CPU.Build.0 = Debug|Any CPU
		{E03DA150-718D-4EA9-AFCA-D3E17A7DF3E8}.Release|Any CPU.ActiveCfg = Release|Any CPU
		{E03DA150-718D-4EA9-AFCA-D3E17A7DF3E8}.Release|Any CPU.Build.0 = Release|Any CPU
	EndGlobalSection
	GlobalSection(SolutionProperties) = preSolution
		HideSolutionNode = FALSE
	EndGlobalSection
	GlobalSection(ExtensibilityGlobals) = postSolution
		SolutionGuid = {AF6E0EB2-84B0-4787-9E43-AD0E1E27FCAE}
	EndGlobalSection
EndGlobal
